PODS:
  - dynamic_color (0.0.2):
    - FlutterMacOS
  - FlutterMacOS (1.0.0)
  - screen_retriever_macos (0.0.1):
    - FlutterMacOS

DEPENDENCIES:
  - dynamic_color (from `Flutter/ephemeral/.symlinks/plugins/dynamic_color/macos`)
  - FlutterMacOS (from `Flutter/ephemeral`)
  - screen_retriever_macos (from `Flutter/ephemeral/.symlinks/plugins/screen_retriever_macos/macos`)

EXTERNAL SOURCES:
  dynamic_color:
    :path: Flutter/ephemeral/.symlinks/plugins/dynamic_color/macos
  FlutterMacOS:
    :path: Flutter/ephemeral
  screen_retriever_macos:
    :path: Flutter/ephemeral/.symlinks/plugins/screen_retriever_macos/macos

SPEC CHECKSUMS:
  dynamic_color: b820c000cc68df65e7ba7ff177cb98404ce56651
  FlutterMacOS: d0db08ddef1a9af05a5ec4b724367152bb0500b1
  screen_retriever_macos: 452e51764a9e1cdb74b3c541238795849f21557f

PODFILE CHECKSUM: 1eba2e5f7615ef8cb80a68ff2db4dd4c6fc6d508

COCOAPODS: 1.16.2
